{
  "name": "@alemdarlabs/sage-mcp",
  "version": "0.1.12",
  "lockfileVersion": 3,
  "requires": true,
  "packages": {
    "": {
      "name": "@alemdarlabs/sage-mcp",
      "version": "0.1.12",
      "cpu": [
        "x64",
        "arm64"
      ],
      "hasInstallScript": true,
      "license": "UNLICENSED",
      "os": [
        "darwin",
        "linux",
        "win32"
      ],
      "bin": {
        "sage": "npm/bin/sage.js"
      },
      "engines": {
        "node": ">=18"
      }
    }
  }
}
